
Microsoft Visual Studio Solution File, Format Version 12.00
# Visual Studio Version 16
VisualStudioVersion = 16.0.31205.134
MinimumVisualStudioVersion = 10.0.40219.1
Project("{2150E333-8FDC-42A3-9474-1A3956D46DE8}") = "Data", "Data", "{3A20BAFC-D8A6-4856-90CF-76067A969891}"
EndProject
Project("{2150E333-8FDC-42A3-9474-1A3956D46DE8}") = "Business", "Business", "{01689F7C-8DFD-490A-B41E-98319C19D581}"
EndProject
Project("{2150E333-8FDC-42A3-9474-1A3956D46DE8}") = "Infrastructure", "Infrastructure", "{15523910-432A-434B-B73B-6CF69F3A2F2D}"
EndProject
Project("{2150E333-8FDC-42A3-9474-1A3956D46DE8}") = "Presentation", "Presentation", "{22AA0F0B-9438-4E5A-BF4D-C60E3744B643}"
EndProject
Project("{FAE04EC0-301F-11D3-BF4B-00C04F79EFBC}") = "Data.Entity", "Data.Entity\Data.Entity.csproj", "{EF51D0F3-B627-4DF3-9683-0F4FC5FB92D9}"
EndProject
Project("{FAE04EC0-301F-11D3-BF4B-00C04F79EFBC}") = "Data.BaseRepository", "Data.BaseRepository\Data.BaseRepository.csproj", "{843B1DBD-535C-47E3-8E68-C015206F7961}"
EndProject
Project("{FAE04EC0-301F-11D3-BF4B-00C04F79EFBC}") = "Presentation.Dashboard", "Presentation.Dashboard\Presentation.Dashboard.csproj", "{E637DB05-AD75-4054-8B2A-AC7A02D731FC}"
EndProject
Project("{2150E333-8FDC-42A3-9474-1A3956D46DE8}") = "Solution Items", "Solution Items", "{08E281DF-2D14-4EAF-9431-61D40CCAB2D4}"
	ProjectSection(SolutionItems) = preProject
		global.json = global.json
	EndProjectSection
EndProject
Project("{2150E333-8FDC-42A3-9474-1A3956D46DE8}") = "Business.Model", "Business.Model", "{D80318DC-330C-49B3-9776-B6632DF47CBD}"
EndProject
Project("{2150E333-8FDC-42A3-9474-1A3956D46DE8}") = "Business.Services", "Business.Services", "{72D037C8-DDF7-420B-9CA1-E88B7D1E3684}"
EndProject
Project("{FAE04EC0-301F-11D3-BF4B-00C04F79EFBC}") = "Business.ModelView", "ProductsModel\Business.ModelView.csproj", "{4CC7A7BC-0240-46FF-AE6C-C1968F4D3769}"
EndProject
Project("{FAE04EC0-301F-11D3-BF4B-00C04F79EFBC}") = "Business.Services", "Business.Services\Business.Services.csproj", "{D28E76C7-4FE1-4F12-B39F-56C0A6768BF5}"
EndProject
Global
	GlobalSection(SolutionConfigurationPlatforms) = preSolution
		Debug|Any CPU = Debug|Any CPU
		Release|Any CPU = Release|Any CPU
	EndGlobalSection
	GlobalSection(ProjectConfigurationPlatforms) = postSolution
		{EF51D0F3-B627-4DF3-9683-0F4FC5FB92D9}.Debug|Any CPU.ActiveCfg = Debug|Any CPU
		{EF51D0F3-B627-4DF3-9683-0F4FC5FB92D9}.Debug|Any CPU.Build.0 = Debug|Any CPU
		{EF51D0F3-B627-4DF3-9683-0F4FC5FB92D9}.Release|Any CPU.ActiveCfg = Release|Any CPU
		{EF51D0F3-B627-4DF3-9683-0F4FC5FB92D9}.Release|Any CPU.Build.0 = Release|Any CPU
		{843B1DBD-535C-47E3-8E68-C015206F7961}.Debug|Any CPU.ActiveCfg = Debug|Any CPU
		{843B1DBD-535C-47E3-8E68-C015206F7961}.Debug|Any CPU.Build.0 = Debug|Any CPU
		{843B1DBD-535C-47E3-8E68-C015206F7961}.Release|Any CPU.ActiveCfg = Release|Any CPU
		{843B1DBD-535C-47E3-8E68-C015206F7961}.Release|Any CPU.Build.0 = Release|Any CPU
		{E637DB05-AD75-4054-8B2A-AC7A02D731FC}.Debug|Any CPU.ActiveCfg = Debug|Any CPU
		{E637DB05-AD75-4054-8B2A-AC7A02D731FC}.Debug|Any CPU.Build.0 = Debug|Any CPU
		{E637DB05-AD75-4054-8B2A-AC7A02D731FC}.Release|Any CPU.ActiveCfg = Release|Any CPU
		{E637DB05-AD75-4054-8B2A-AC7A02D731FC}.Release|Any CPU.Build.0 = Release|Any CPU
		{4CC7A7BC-0240-46FF-AE6C-C1968F4D3769}.Debug|Any CPU.ActiveCfg = Debug|Any CPU
		{4CC7A7BC-0240-46FF-AE6C-C1968F4D3769}.Debug|Any CPU.Build.0 = Debug|Any CPU
		{4CC7A7BC-0240-46FF-AE6C-C1968F4D3769}.Release|Any CPU.ActiveCfg = Release|Any CPU
		{4CC7A7BC-0240-46FF-AE6C-C1968F4D3769}.Release|Any CPU.Build.0 = Release|Any CPU
		{D28E76C7-4FE1-4F12-B39F-56C0A6768BF5}.Debug|Any CPU.ActiveCfg = Debug|Any CPU
		{D28E76C7-4FE1-4F12-B39F-56C0A6768BF5}.Debug|Any CPU.Build.0 = Debug|Any CPU
		{D28E76C7-4FE1-4F12-B39F-56C0A6768BF5}.Release|Any CPU.ActiveCfg = Release|Any CPU
		{D28E76C7-4FE1-4F12-B39F-56C0A6768BF5}.Release|Any CPU.Build.0 = Release|Any CPU
	EndGlobalSection
	GlobalSection(SolutionProperties) = preSolution
		HideSolutionNode = FALSE
	EndGlobalSection
	GlobalSection(NestedProjects) = preSolution
		{EF51D0F3-B627-4DF3-9683-0F4FC5FB92D9} = {3A20BAFC-D8A6-4856-90CF-76067A969891}
		{843B1DBD-535C-47E3-8E68-C015206F7961} = {3A20BAFC-D8A6-4856-90CF-76067A969891}
		{E637DB05-AD75-4054-8B2A-AC7A02D731FC} = {22AA0F0B-9438-4E5A-BF4D-C60E3744B643}
		{08E281DF-2D14-4EAF-9431-61D40CCAB2D4} = {22AA0F0B-9438-4E5A-BF4D-C60E3744B643}
		{D80318DC-330C-49B3-9776-B6632DF47CBD} = {01689F7C-8DFD-490A-B41E-98319C19D581}
		{72D037C8-DDF7-420B-9CA1-E88B7D1E3684} = {01689F7C-8DFD-490A-B41E-98319C19D581}
		{4CC7A7BC-0240-46FF-AE6C-C1968F4D3769} = {D80318DC-330C-49B3-9776-B6632DF47CBD}
		{D28E76C7-4FE1-4F12-B39F-56C0A6768BF5} = {72D037C8-DDF7-420B-9CA1-E88B7D1E3684}
	EndGlobalSection
	GlobalSection(ExtensibilityGlobals) = postSolution
		SolutionGuid = {CCBE9988-8396-4F91-B3C6-8642B70EC384}
	EndGlobalSection
EndGlobal
